
Microsoft Visual Studio Solution File, Format Version 12.00
# Visual Studio Version 16
VisualStudioVersion = 16.0.29806.167
MinimumVisualStudioVersion = 10.0.40219.1
Project("{FAE04EC0-301F-11D3-BF4B-00C04F79EFBC}") = "ASP Net Core WCF EF Razor Pages2", "ASP Net Core WCF EF Razor Pages2\ASP Net Core WCF EF Razor Pages2.csproj", "{BEDDB108-8A90-4854-82CF-3789D4F436E2}"
EndProject
Project("{FAE04EC0-301F-11D3-BF4B-00C04F79EFBC}") = "PostComment", "PostComment\PostComment.csproj", "{01D119E7-CA51-4BFA-94F7-8DA25CB319D4}"
EndProject
Project("{FAE04EC0-301F-11D3-BF4B-00C04F79EFBC}") = "ObjectWCF", "ObjectWCF\ObjectWCF.csproj", "{655E4226-E976-41BC-B372-DC760D267FDC}"
EndProject
Project("{FAE04EC0-301F-11D3-BF4B-00C04F79EFBC}") = "Host", "Host\Host.csproj", "{A0835AD4-0962-4055-A4BB-B37D21C602C1}"
EndProject
Project("{9A19103F-16F7-4668-BE54-9A1E7A4F7556}") = "RazorPagesMovie", "RazorPagesMovie\RazorPagesMovie.csproj", "{F9EA0BCD-A1B1-4FDD-848C-6C690E2F15F1}"
EndProject
Project("{FAE04EC0-301F-11D3-BF4B-00C04F79EFBC}") = "Client2", "Client2\Client2.csproj", "{D14FF718-F9B3-422F-AD22-A42BFA62E554}"
EndProject
Global
	GlobalSection(SolutionConfigurationPlatforms) = preSolution
		Debug|Any CPU = Debug|Any CPU
		Release|Any CPU = Release|Any CPU
	EndGlobalSection
	GlobalSection(ProjectConfigurationPlatforms) = postSolution
		{BEDDB108-8A90-4854-82CF-3789D4F436E2}.Debug|Any CPU.ActiveCfg = Debug|Any CPU
		{BEDDB108-8A90-4854-82CF-3789D4F436E2}.Debug|Any CPU.Build.0 = Debug|Any CPU
		{BEDDB108-8A90-4854-82CF-3789D4F436E2}.Release|Any CPU.ActiveCfg = Release|Any CPU
		{BEDDB108-8A90-4854-82CF-3789D4F436E2}.Release|Any CPU.Build.0 = Release|Any CPU
		{01D119E7-CA51-4BFA-94F7-8DA25CB319D4}.Debug|Any CPU.ActiveCfg = Debug|Any CPU
		{01D119E7-CA51-4BFA-94F7-8DA25CB319D4}.Debug|Any CPU.Build.0 = Debug|Any CPU
		{01D119E7-CA51-4BFA-94F7-8DA25CB319D4}.Release|Any CPU.ActiveCfg = Release|Any CPU
		{01D119E7-CA51-4BFA-94F7-8DA25CB319D4}.Release|Any CPU.Build.0 = Release|Any CPU
		{655E4226-E976-41BC-B372-DC760D267FDC}.Debug|Any CPU.ActiveCfg = Debug|Any CPU
		{655E4226-E976-41BC-B372-DC760D267FDC}.Debug|Any CPU.Build.0 = Debug|Any CPU
		{655E4226-E976-41BC-B372-DC760D267FDC}.Release|Any CPU.ActiveCfg = Release|Any CPU
		{655E4226-E976-41BC-B372-DC760D267FDC}.Release|Any CPU.Build.0 = Release|Any CPU
		{A0835AD4-0962-4055-A4BB-B37D21C602C1}.Debug|Any CPU.ActiveCfg = Debug|Any CPU
		{A0835AD4-0962-4055-A4BB-B37D21C602C1}.Debug|Any CPU.Build.0 = Debug|Any CPU
		{A0835AD4-0962-4055-A4BB-B37D21C602C1}.Release|Any CPU.ActiveCfg = Release|Any CPU
		{A0835AD4-0962-4055-A4BB-B37D21C602C1}.Release|Any CPU.Build.0 = Release|Any CPU
		{F9EA0BCD-A1B1-4FDD-848C-6C690E2F15F1}.Debug|Any CPU.ActiveCfg = Debug|Any CPU
		{F9EA0BCD-A1B1-4FDD-848C-6C690E2F15F1}.Debug|Any CPU.Build.0 = Debug|Any CPU
		{F9EA0BCD-A1B1-4FDD-848C-6C690E2F15F1}.Release|Any CPU.ActiveCfg = Release|Any CPU
		{F9EA0BCD-A1B1-4FDD-848C-6C690E2F15F1}.Release|Any CPU.Build.0 = Release|Any CPU
		{D14FF718-F9B3-422F-AD22-A42BFA62E554}.Debug|Any CPU.ActiveCfg = Debug|Any CPU
		{D14FF718-F9B3-422F-AD22-A42BFA62E554}.Debug|Any CPU.Build.0 = Debug|Any CPU
		{D14FF718-F9B3-422F-AD22-A42BFA62E554}.Release|Any CPU.ActiveCfg = Release|Any CPU
		{D14FF718-F9B3-422F-AD22-A42BFA62E554}.Release|Any CPU.Build.0 = Release|Any CPU
	EndGlobalSection
	GlobalSection(SolutionProperties) = preSolution
		HideSolutionNode = FALSE
	EndGlobalSection
	GlobalSection(ExtensibilityGlobals) = postSolution
		SolutionGuid = {6B44D98F-4382-432C-9A30-A71C96F579D3}
	EndGlobalSection
EndGlobal
